// !$*UTF8*$!
{
	archiveVersion = 1;
	classes = {
	};
	objectVersion = 60;
	objects = {

/* Begin PBXBuildFile section */
		1B98FCB22ED3BFC000BE032D /* PokedexDomain in Frameworks */ = {isa = PBXBuildFile; productRef = 1B98FCB12ED3BFC000BE032D /* PokedexDomain */; };
		1B98FCB42ED3C2BB00BE032D /* PokedexDomain in Frameworks */ = {isa = PBXBuildFile; productRef = 1B98FCB32ED3C2BB00BE032D /* PokedexDomain */; };
		1B98FCB72ED3C2DE00BE032D /* SwiftUtils in Frameworks */ = {isa = PBXBuildFile; productRef = 1B98FCB62ED3C2DE00BE032D /* SwiftUtils */; };
		1B98FCB92ED3C35B00BE032D /* PokedexApp.swift in Sources */ = {isa = PBXBuildFile; fileRef = 1B98FCB82ED3C35B00BE032D /* PokedexApp.swift */; };
		1B98FCBC2ED3C37800BE032D /* PokedexData in Frameworks */ = {isa = PBXBuildFile; productRef = 1B98FCBB2ED3C37800BE032D /* PokedexData */; };
		1B98FCC02ED3C41100BE032D /* HomeCellViewBuild.swift in Sources */ = {isa = PBXBuildFile; fileRef = 1B98FCBF2ED3C41100BE032D /* HomeCellViewBuild.swift */; };
		1B98FCC22ED3C44400BE032D /* AboutViewBuild.swift in Sources */ = {isa = PBXBuildFile; fileRef = 1B98FCC12ED3C44400BE032D /* AboutViewBuild.swift */; };
		1B98FCC52ED3C4C300BE032D /* HomeCellRouter.swift in Sources */ = {isa = PBXBuildFile; fileRef = 1B98FCC32ED3C4C300BE032D /* HomeCellRouter.swift */; };
		1B98FCCF2ED3C56500BE032D /* RouterProtocol.swift in Sources */ = {isa = PBXBuildFile; fileRef = 1B98FCCC2ED3C56500BE032D /* RouterProtocol.swift */; };
		1B98FCD02ED3C56500BE032D /* RouterNavigationStackModifier.swift in Sources */ = {isa = PBXBuildFile; fileRef = 1B98FCC82ED3C56500BE032D /* RouterNavigationStackModifier.swift */; };
		1B98FCD12ED3C56500BE032D /* RouterAlertModifier.swift in Sources */ = {isa = PBXBuildFile; fileRef = 1B98FCC62ED3C56500BE032D /* RouterAlertModifier.swift */; };
		1B98FCD22ED3C56500BE032D /* RouterSheetModifier.swift in Sources */ = {isa = PBXBuildFile; fileRef = 1B98FCCA2ED3C56500BE032D /* RouterSheetModifier.swift */; };
		1B98FCD32ED3C56500BE032D /* RouterScreenProtocol.swift in Sources */ = {isa = PBXBuildFile; fileRef = 1B98FCCD2ED3C56500BE032D /* RouterScreenProtocol.swift */; };
		1B98FCD42ED3C56500BE032D /* RouterNavigationViewModifier.swift in Sources */ = {isa = PBXBuildFile; fileRef = 1B98FCC92ED3C56500BE032D /* RouterNavigationViewModifier.swift */; };
		1B98FCD52ED3C56500BE032D /* RouterCloseModifier.swift in Sources */ = {isa = PBXBuildFile; fileRef = 1B98FCC72ED3C56500BE032D /* RouterCloseModifier.swift */; };
		1B98FCD82ED3C86400BE032D /* HomeViewModel.swift in Sources */ = {isa = PBXBuildFile; fileRef = 1B98FCD62ED3C86400BE032D /* HomeViewModel.swift */; };
		1B98FCDB2ED3C89600BE032D /* HomeModule.swift in Sources */ = {isa = PBXBuildFile; fileRef = 1B98FCD92ED3C89600BE032D /* HomeModule.swift */; };
		1B98FCDC2ED3C89600BE032D /* HomeView.swift in Sources */ = {isa = PBXBuildFile; fileRef = 1B98FCDA2ED3C89600BE032D /* HomeView.swift */; };
		1B98FCDF2ED3CDC100BE032D /* ListPokemonsView.swift in Sources */ = {isa = PBXBuildFile; fileRef = 1B98FCDE2ED3CDC000BE032D /* ListPokemonsView.swift */; };
		1B98FCE12ED3CE6100BE032D /* ErrorView.swift in Sources */ = {isa = PBXBuildFile; fileRef = 1B98FCE02ED3CE6000BE032D /* ErrorView.swift */; };
		D00B95C228CFF97800AFE79E /* Assets.xcassets in Resources */ = {isa = PBXBuildFile; fileRef = D00B95C128CFF97800AFE79E /* Assets.xcassets */; };
		D00B95C528CFF97800AFE79E /* LaunchScreen.storyboard in Resources */ = {isa = PBXBuildFile; fileRef = D00B95C328CFF97800AFE79E /* LaunchScreen.storyboard */; };
		D0259D0C29491A360090C8D9 /* HomeCellView.swift in Sources */ = {isa = PBXBuildFile; fileRef = D0259D0B29491A360090C8D9 /* HomeCellView.swift */; };
		D028656E2906D9AE003CA780 /* Images.swift in Sources */ = {isa = PBXBuildFile; fileRef = D028656D2906D9AE003CA780 /* Images.swift */; };
		D02865702906DAEA003CA780 /* Colors.swift in Sources */ = {isa = PBXBuildFile; fileRef = D028656F2906DAEA003CA780 /* Colors.swift */; };
		D039537D29493DCF00969777 /* Nidoking.json in Resources */ = {isa = PBXBuildFile; fileRef = D039537C29493DCF00969777 /* Nidoking.json */; };
		D039537F29493ECF00969777 /* PokeballGradient.swift in Sources */ = {isa = PBXBuildFile; fileRef = D039537E29493ECF00969777 /* PokeballGradient.swift */; };
		D039538429494FCF00969777 /* PokemonTypeView.swift in Sources */ = {isa = PBXBuildFile; fileRef = D039538329494FCF00969777 /* PokemonTypeView.swift */; };
		D039988529A9217800E1770B /* TextExtension.swift in Sources */ = {isa = PBXBuildFile; fileRef = D039988429A9217800E1770B /* TextExtension.swift */; };
		D0403A3629B143FC00925F04 /* SwiftUtils in Frameworks */ = {isa = PBXBuildFile; productRef = D0403A3529B143FC00925F04 /* SwiftUtils */; };
		D0403A4D29B2354000925F04 /* PokedexDomain in Frameworks */ = {isa = PBXBuildFile; productRef = D0403A4C29B2354000925F04 /* PokedexDomain */; };
		D0403A4F29B23C0000925F04 /* PokemonExtension.swift in Sources */ = {isa = PBXBuildFile; fileRef = D0403A4E29B23C0000925F04 /* PokemonExtension.swift */; };
		D05244C629940108001A96B8 /* WeakStackView.swift in Sources */ = {isa = PBXBuildFile; fileRef = D05244C529940108001A96B8 /* WeakStackView.swift */; };
		D05244C82994067A001A96B8 /* TypeImage.swift in Sources */ = {isa = PBXBuildFile; fileRef = D05244C72994067A001A96B8 /* TypeImage.swift */; };
		D0806EDA2949F8CC000920A1 /* Bulbasaur.json in Resources */ = {isa = PBXBuildFile; fileRef = D0806ED92949F8CC000920A1 /* Bulbasaur.json */; };
		D0806EDD294A3AAC000920A1 /* DetailView.swift in Sources */ = {isa = PBXBuildFile; fileRef = D0806EDC294A3AAC000920A1 /* DetailView.swift */; };
		D0806EDF294A3EEA000920A1 /* PokemonInfo.swift in Sources */ = {isa = PBXBuildFile; fileRef = D0806EDE294A3EEA000920A1 /* PokemonInfo.swift */; };
		D08C8DA1298AE398004DEA8E /* DetailViewBuild.swift in Sources */ = {isa = PBXBuildFile; fileRef = D08C8DA0298AE398004DEA8E /* DetailViewBuild.swift */; };
		D08C8DA3298AE3F1004DEA8E /* DetailModel.swift in Sources */ = {isa = PBXBuildFile; fileRef = D08C8DA2298AE3F1004DEA8E /* DetailModel.swift */; };
		D08C8DA5298AE465004DEA8E /* DetailModelProtocol.swift in Sources */ = {isa = PBXBuildFile; fileRef = D08C8DA4298AE465004DEA8E /* DetailModelProtocol.swift */; };
		D08C8DA7298AE4EA004DEA8E /* DetailTypes.swift in Sources */ = {isa = PBXBuildFile; fileRef = D08C8DA6298AE4EA004DEA8E /* DetailTypes.swift */; };
		D08C8DA9298AE7AD004DEA8E /* DetailIntentProtocol.swift in Sources */ = {isa = PBXBuildFile; fileRef = D08C8DA8298AE7AD004DEA8E /* DetailIntentProtocol.swift */; };
		D08C8DAB298AEB50004DEA8E /* DetailIntent.swift in Sources */ = {isa = PBXBuildFile; fileRef = D08C8DAA298AEB50004DEA8E /* DetailIntent.swift */; };
		D08C8DB1298C7689004DEA8E /* AboutModelProtocol.swift in Sources */ = {isa = PBXBuildFile; fileRef = D08C8DB0298C7689004DEA8E /* AboutModelProtocol.swift */; };
		D08C8DB3298C7694004DEA8E /* AboutModel.swift in Sources */ = {isa = PBXBuildFile; fileRef = D08C8DB2298C7694004DEA8E /* AboutModel.swift */; };
		D08C8DB5298C7818004DEA8E /* AboutTypes.swift in Sources */ = {isa = PBXBuildFile; fileRef = D08C8DB4298C7818004DEA8E /* AboutTypes.swift */; };
		D08C8DB8298C78AA004DEA8E /* AboutIntent.swift in Sources */ = {isa = PBXBuildFile; fileRef = D08C8DB7298C78AA004DEA8E /* AboutIntent.swift */; };
		D08C8DBA298C78CA004DEA8E /* AboutIntentProtocol.swift in Sources */ = {isa = PBXBuildFile; fileRef = D08C8DB9298C78CA004DEA8E /* AboutIntentProtocol.swift */; };
		D08F42722989B97D008EC1B2 /* MVIContainer.swift in Sources */ = {isa = PBXBuildFile; fileRef = D08F42712989B97D008EC1B2 /* MVIContainer.swift */; };
		D08F42802989CF59008EC1B2 /* HomeCellModel.swift in Sources */ = {isa = PBXBuildFile; fileRef = D08F427F2989CF59008EC1B2 /* HomeCellModel.swift */; };
		D08F42822989CF89008EC1B2 /* HomeCellProtocol.swift in Sources */ = {isa = PBXBuildFile; fileRef = D08F42812989CF89008EC1B2 /* HomeCellProtocol.swift */; };
		D08F42842989D02F008EC1B2 /* HomeCellTypes.swift in Sources */ = {isa = PBXBuildFile; fileRef = D08F42832989D02F008EC1B2 /* HomeCellTypes.swift */; };
		D08F42872989D31B008EC1B2 /* HomeCellIntent.swift in Sources */ = {isa = PBXBuildFile; fileRef = D08F42862989D31B008EC1B2 /* HomeCellIntent.swift */; };
		D08F42892989D367008EC1B2 /* HomeCellIntentProtocol.swift in Sources */ = {isa = PBXBuildFile; fileRef = D08F42882989D367008EC1B2 /* HomeCellIntentProtocol.swift */; };
		D09E4AF5290746C6002481C8 /* Gradients.swift in Sources */ = {isa = PBXBuildFile; fileRef = D09E4AF4290746C6002481C8 /* Gradients.swift */; };
		D09E4AF929076BC2002481C8 /* PokemonType.swift in Sources */ = {isa = PBXBuildFile; fileRef = D09E4AF829076BC2002481C8 /* PokemonType.swift */; };
		D09E4AFB2907729E002481C8 /* Fonts.swift in Sources */ = {isa = PBXBuildFile; fileRef = D09E4AFA2907729E002481C8 /* Fonts.swift */; };
		D0A44BAE29C0BADB00DF182B /* PokedexData in Frameworks */ = {isa = PBXBuildFile; productRef = D0A44BAD29C0BADB00DF182B /* PokedexData */; };
		D0AEA406294BB2AC0057DA8F /* AboutView.swift in Sources */ = {isa = PBXBuildFile; fileRef = D0AEA405294BB2AC0057DA8F /* AboutView.swift */; };
		D0AEA408294BC3A90057DA8F /* DataStackView.swift in Sources */ = {isa = PBXBuildFile; fileRef = D0AEA407294BC3A90057DA8F /* DataStackView.swift */; };
		D0AEA40A294BC48F0057DA8F /* AbilityStackView.swift in Sources */ = {isa = PBXBuildFile; fileRef = D0AEA409294BC48F0057DA8F /* AbilityStackView.swift */; };
		D0D8641329A411F400FB8723 /* GenderStackView.swift in Sources */ = {isa = PBXBuildFile; fileRef = D0D8641229A411F400FB8723 /* GenderStackView.swift */; };
/* End PBXBuildFile section */

/* Begin PBXFileReference section */
		1B98FCB82ED3C35B00BE032D /* PokedexApp.swift */ = {isa = PBXFileReference; lastKnownFileType = sourcecode.swift; path = PokedexApp.swift; sourceTree = "<group>"; };
		1B98FCBF2ED3C41100BE032D /* HomeCellViewBuild.swift */ = {isa = PBXFileReference; lastKnownFileType = sourcecode.swift; path = HomeCellViewBuild.swift; sourceTree = "<group>"; };
		1B98FCC12ED3C44400BE032D /* AboutViewBuild.swift */ = {isa = PBXFileReference; lastKnownFileType = sourcecode.swift; path = AboutViewBuild.swift; sourceTree = "<group>"; };
		1B98FCC32ED3C4C300BE032D /* HomeCellRouter.swift */ = {isa = PBXFileReference; lastKnownFileType = sourcecode.swift; path = HomeCellRouter.swift; sourceTree = "<group>"; };
		1B98FCC62ED3C56500BE032D /* RouterAlertModifier.swift */ = {isa = PBXFileReference; lastKnownFileType = sourcecode.swift; path = RouterAlertModifier.swift; sourceTree = "<group>"; };
		1B98FCC72ED3C56500BE032D /* RouterCloseModifier.swift */ = {isa = PBXFileReference; lastKnownFileType = sourcecode.swift; path = RouterCloseModifier.swift; sourceTree = "<group>"; };
		1B98FCC82ED3C56500BE032D /* RouterNavigationStackModifier.swift */ = {isa = PBXFileReference; lastKnownFileType = sourcecode.swift; path = RouterNavigationStackModifier.swift; sourceTree = "<group>"; };
		1B98FCC92ED3C56500BE032D /* RouterNavigationViewModifier.swift */ = {isa = PBXFileReference; lastKnownFileType = sourcecode.swift; path = RouterNavigationViewModifier.swift; sourceTree = "<group>"; };
		1B98FCCA2ED3C56500BE032D /* RouterSheetModifier.swift */ = {isa = PBXFileReference; lastKnownFileType = sourcecode.swift; path = RouterSheetModifier.swift; sourceTree = "<group>"; };
		1B98FCCC2ED3C56500BE032D /* RouterProtocol.swift */ = {isa = PBXFileReference; lastKnownFileType = sourcecode.swift; path = RouterProtocol.swift; sourceTree = "<group>"; };
		1B98FCCD2ED3C56500BE032D /* RouterScreenProtocol.swift */ = {isa = PBXFileReference; lastKnownFileType = sourcecode.swift; path = RouterScreenProtocol.swift; sourceTree = "<group>"; };
		1B98FCD62ED3C86400BE032D /* HomeViewModel.swift */ = {isa = PBXFileReference; lastKnownFileType = sourcecode.swift; path = HomeViewModel.swift; sourceTree = "<group>"; };
		1B98FCD92ED3C89600BE032D /* HomeModule.swift */ = {isa = PBXFileReference; lastKnownFileType = sourcecode.swift; path = HomeModule.swift; sourceTree = "<group>"; };
		1B98FCDA2ED3C89600BE032D /* HomeView.swift */ = {isa = PBXFileReference; lastKnownFileType = sourcecode.swift; path = HomeView.swift; sourceTree = "<group>"; };
		1B98FCDE2ED3CDC000BE032D /* ListPokemonsView.swift */ = {isa = PBXFileReference; lastKnownFileType = sourcecode.swift; path = ListPokemonsView.swift; sourceTree = "<group>"; };
		1B98FCE02ED3CE6000BE032D /* ErrorView.swift */ = {isa = PBXFileReference; lastKnownFileType = sourcecode.swift; path = ErrorView.swift; sourceTree = "<group>"; };
		D00B95B528CFF97500AFE79E /* Pokedex.app */ = {isa = PBXFileReference; explicitFileType = wrapper.application; includeInIndex = 0; path = Pokedex.app; sourceTree = BUILT_PRODUCTS_DIR; };
		D00B95C128CFF97800AFE79E /* Assets.xcassets */ = {isa = PBXFileReference; lastKnownFileType = folder.assetcatalog; path = Assets.xcassets; sourceTree = "<group>"; };
		D00B95C428CFF97800AFE79E /* Base */ = {isa = PBXFileReference; lastKnownFileType = file.storyboard; name = Base; path = Base.lproj/LaunchScreen.storyboard; sourceTree = "<group>"; };
		D00B95C628CFF97800AFE79E /* Info.plist */ = {isa = PBXFileReference; lastKnownFileType = text.plist.xml; path = Info.plist; sourceTree = "<group>"; };
		D0259D0B29491A360090C8D9 /* HomeCellView.swift */ = {isa = PBXFileReference; lastKnownFileType = sourcecode.swift; path = HomeCellView.swift; sourceTree = "<group>"; };
		D028656D2906D9AE003CA780 /* Images.swift */ = {isa = PBXFileReference; lastKnownFileType = sourcecode.swift; path = Images.swift; sourceTree = "<group>"; };
		D028656F2906DAEA003CA780 /* Colors.swift */ = {isa = PBXFileReference; lastKnownFileType = sourcecode.swift; path = Colors.swift; sourceTree = "<group>"; };
		D039537C29493DCF00969777 /* Nidoking.json */ = {isa = PBXFileReference; fileEncoding = 4; lastKnownFileType = text.json; path = Nidoking.json; sourceTree = "<group>"; };
		D039537E29493ECF00969777 /* PokeballGradient.swift */ = {isa = PBXFileReference; lastKnownFileType = sourcecode.swift; path = PokeballGradient.swift; sourceTree = "<group>"; };
		D039538329494FCF00969777 /* PokemonTypeView.swift */ = {isa = PBXFileReference; lastKnownFileType = sourcecode.swift; path = PokemonTypeView.swift; sourceTree = "<group>"; };
		D039988429A9217800E1770B /* TextExtension.swift */ = {isa = PBXFileReference; lastKnownFileType = sourcecode.swift; path = TextExtension.swift; sourceTree = "<group>"; };
		D0403A4E29B23C0000925F04 /* PokemonExtension.swift */ = {isa = PBXFileReference; lastKnownFileType = sourcecode.swift; path = PokemonExtension.swift; sourceTree = "<group>"; };
		D05244C529940108001A96B8 /* WeakStackView.swift */ = {isa = PBXFileReference; lastKnownFileType = sourcecode.swift; path = WeakStackView.swift; sourceTree = "<group>"; };
		D05244C72994067A001A96B8 /* TypeImage.swift */ = {isa = PBXFileReference; lastKnownFileType = sourcecode.swift; path = TypeImage.swift; sourceTree = "<group>"; };
		D0806ED92949F8CC000920A1 /* Bulbasaur.json */ = {isa = PBXFileReference; fileEncoding = 4; lastKnownFileType = text.json; path = Bulbasaur.json; sourceTree = "<group>"; };
		D0806EDC294A3AAC000920A1 /* DetailView.swift */ = {isa = PBXFileReference; lastKnownFileType = sourcecode.swift; path = DetailView.swift; sourceTree = "<group>"; };
		D0806EDE294A3EEA000920A1 /* PokemonInfo.swift */ = {isa = PBXFileReference; lastKnownFileType = sourcecode.swift; path = PokemonInfo.swift; sourceTree = "<group>"; };
		D08C8DA0298AE398004DEA8E /* DetailViewBuild.swift */ = {isa = PBXFileReference; lastKnownFileType = sourcecode.swift; path = DetailViewBuild.swift; sourceTree = "<group>"; };
		D08C8DA2298AE3F1004DEA8E /* DetailModel.swift */ = {isa = PBXFileReference; lastKnownFileType = sourcecode.swift; path = DetailModel.swift; sourceTree = "<group>"; };
		D08C8DA4298AE465004DEA8E /* DetailModelProtocol.swift */ = {isa = PBXFileReference; lastKnownFileType = sourcecode.swift; path = DetailModelProtocol.swift; sourceTree = "<group>"; };
		D08C8DA6298AE4EA004DEA8E /* DetailTypes.swift */ = {isa = PBXFileReference; lastKnownFileType = sourcecode.swift; path = DetailTypes.swift; sourceTree = "<group>"; };
		D08C8DA8298AE7AD004DEA8E /* DetailIntentProtocol.swift */ = {isa = PBXFileReference; lastKnownFileType = sourcecode.swift; path = DetailIntentProtocol.swift; sourceTree = "<group>"; };
		D08C8DAA298AEB50004DEA8E /* DetailIntent.swift */ = {isa = PBXFileReference; lastKnownFileType = sourcecode.swift; path = DetailIntent.swift; sourceTree = "<group>"; };
		D08C8DB0298C7689004DEA8E /* AboutModelProtocol.swift */ = {isa = PBXFileReference; lastKnownFileType = sourcecode.swift; path = AboutModelProtocol.swift; sourceTree = "<group>"; };
		D08C8DB2298C7694004DEA8E /* AboutModel.swift */ = {isa = PBXFileReference; lastKnownFileType = sourcecode.swift; path = AboutModel.swift; sourceTree = "<group>"; };
		D08C8DB4298C7818004DEA8E /* AboutTypes.swift */ = {isa = PBXFileReference; lastKnownFileType = sourcecode.swift; path = AboutTypes.swift; sourceTree = "<group>"; };
		D08C8DB7298C78AA004DEA8E /* AboutIntent.swift */ = {isa = PBXFileReference; lastKnownFileType = sourcecode.swift; path = AboutIntent.swift; sourceTree = "<group>"; };
		D08C8DB9298C78CA004DEA8E /* AboutIntentProtocol.swift */ = {isa = PBXFileReference; lastKnownFileType = sourcecode.swift; path = AboutIntentProtocol.swift; sourceTree = "<group>"; };
		D08F42712989B97D008EC1B2 /* MVIContainer.swift */ = {isa = PBXFileReference; lastKnownFileType = sourcecode.swift; path = MVIContainer.swift; sourceTree = "<group>"; };
		D08F427F2989CF59008EC1B2 /* HomeCellModel.swift */ = {isa = PBXFileReference; lastKnownFileType = sourcecode.swift; path = HomeCellModel.swift; sourceTree = "<group>"; };
		D08F42812989CF89008EC1B2 /* HomeCellProtocol.swift */ = {isa = PBXFileReference; lastKnownFileType = sourcecode.swift; path = HomeCellProtocol.swift; sourceTree = "<group>"; };
		D08F42832989D02F008EC1B2 /* HomeCellTypes.swift */ = {isa = PBXFileReference; lastKnownFileType = sourcecode.swift; path = HomeCellTypes.swift; sourceTree = "<group>"; };
		D08F42862989D31B008EC1B2 /* HomeCellIntent.swift */ = {isa = PBXFileReference; lastKnownFileType = sourcecode.swift; path = HomeCellIntent.swift; sourceTree = "<group>"; };
		D08F42882989D367008EC1B2 /* HomeCellIntentProtocol.swift */ = {isa = PBXFileReference; lastKnownFileType = sourcecode.swift; path = HomeCellIntentProtocol.swift; sourceTree = "<group>"; };
		D09E4AF4290746C6002481C8 /* Gradients.swift */ = {isa = PBXFileReference; lastKnownFileType = sourcecode.swift; path = Gradients.swift; sourceTree = "<group>"; };
		D09E4AF829076BC2002481C8 /* PokemonType.swift */ = {isa = PBXFileReference; lastKnownFileType = sourcecode.swift; path = PokemonType.swift; sourceTree = "<group>"; };
		D09E4AFA2907729E002481C8 /* Fonts.swift */ = {isa = PBXFileReference; lastKnownFileType = sourcecode.swift; path = Fonts.swift; sourceTree = "<group>"; };
		D0AEA405294BB2AC0057DA8F /* AboutView.swift */ = {isa = PBXFileReference; lastKnownFileType = sourcecode.swift; path = AboutView.swift; sourceTree = "<group>"; };
		D0AEA407294BC3A90057DA8F /* DataStackView.swift */ = {isa = PBXFileReference; lastKnownFileType = sourcecode.swift; path = DataStackView.swift; sourceTree = "<group>"; };
		D0AEA409294BC48F0057DA8F /* AbilityStackView.swift */ = {isa = PBXFileReference; lastKnownFileType = sourcecode.swift; path = AbilityStackView.swift; sourceTree = "<group>"; };
		D0D8641229A411F400FB8723 /* GenderStackView.swift */ = {isa = PBXFileReference; lastKnownFileType = sourcecode.swift; path = GenderStackView.swift; sourceTree = "<group>"; };
/* End PBXFileReference section */

/* Begin PBXFrameworksBuildPhase section */
		D00B95B228CFF97500AFE79E /* Frameworks */ = {
			isa = PBXFrameworksBuildPhase;
			buildActionMask = 2147483647;
			files = (
				1B98FCB72ED3C2DE00BE032D /* SwiftUtils in Frameworks */,
				D0403A3629B143FC00925F04 /* SwiftUtils in Frameworks */,
				1B98FCBC2ED3C37800BE032D /* PokedexData in Frameworks */,
				1B98FCB22ED3BFC000BE032D /* PokedexDomain in Frameworks */,
				D0A44BAE29C0BADB00DF182B /* PokedexData in Frameworks */,
				D0403A4D29B2354000925F04 /* PokedexDomain in Frameworks */,
				1B98FCB42ED3C2BB00BE032D /* PokedexDomain in Frameworks */,
			);
			runOnlyForDeploymentPostprocessing = 0;
		};
/* End PBXFrameworksBuildPhase section */

/* Begin PBXGroup section */
		1B98FCC42ED3C4C300BE032D /* Router */ = {
			isa = PBXGroup;
			children = (
				1B98FCC32ED3C4C300BE032D /* HomeCellRouter.swift */,
			);
			path = Router;
			sourceTree = "<group>";
		};
		1B98FCCB2ED3C56500BE032D /* Modifier */ = {
			isa = PBXGroup;
			children = (
				1B98FCC62ED3C56500BE032D /* RouterAlertModifier.swift */,
				1B98FCC72ED3C56500BE032D /* RouterCloseModifier.swift */,
				1B98FCC82ED3C56500BE032D /* RouterNavigationStackModifier.swift */,
				1B98FCC92ED3C56500BE032D /* RouterNavigationViewModifier.swift */,
				1B98FCCA2ED3C56500BE032D /* RouterSheetModifier.swift */,
			);
			path = Modifier;
			sourceTree = "<group>";
		};
		1B98FCCE2ED3C56500BE032D /* Router */ = {
			isa = PBXGroup;
			children = (
				1B98FCCB2ED3C56500BE032D /* Modifier */,
				1B98FCCC2ED3C56500BE032D /* RouterProtocol.swift */,
				1B98FCCD2ED3C56500BE032D /* RouterScreenProtocol.swift */,
			);
			path = Router;
			sourceTree = "<group>";
		};
		1B98FCD72ED3C86400BE032D /* ViewModel */ = {
			isa = PBXGroup;
			children = (
				1B98FCD62ED3C86400BE032D /* HomeViewModel.swift */,
			);
			path = ViewModel;
			sourceTree = "<group>";
		};
		1B98FCDD2ED3CDB200BE032D /* Components */ = {
			isa = PBXGroup;
			children = (
				1B98FCE02ED3CE6000BE032D /* ErrorView.swift */,
				1B98FCDE2ED3CDC000BE032D /* ListPokemonsView.swift */,
				D08F427A2989CD9D008EC1B2 /* HomeCell */,
			);
			path = Components;
			sourceTree = "<group>";
		};
		D00B95AC28CFF97400AFE79E = {
			isa = PBXGroup;
			children = (
				D00B95B728CFF97500AFE79E /* Pokedex */,
				D00B95B628CFF97500AFE79E /* Products */,
				D0A44BAC29C0BADB00DF182B /* Frameworks */,
			);
			sourceTree = "<group>";
		};
		D00B95B628CFF97500AFE79E /* Products */ = {
			isa = PBXGroup;
			children = (
				D00B95B528CFF97500AFE79E /* Pokedex.app */,
			);
			name = Products;
			sourceTree = "<group>";
		};
		D00B95B728CFF97500AFE79E /* Pokedex */ = {
			isa = PBXGroup;
			children = (
				D00B95C628CFF97800AFE79E /* Info.plist */,
				D0403A4629B15C7600925F04 /* Application */,
				D0403A4529B15A6100925F04 /* Resources */,
				D0403A4729B15E2F00925F04 /* Presentation */,
			);
			path = Pokedex;
			sourceTree = "<group>";
		};
		D028656229061707003CA780 /* Utils */ = {
			isa = PBXGroup;
			children = (
				D028656F2906DAEA003CA780 /* Colors.swift */,
				D09E4AFA2907729E002481C8 /* Fonts.swift */,
				D09E4AF4290746C6002481C8 /* Gradients.swift */,
				D028656D2906D9AE003CA780 /* Images.swift */,
				D08F42712989B97D008EC1B2 /* MVIContainer.swift */,
				D09E4AF829076BC2002481C8 /* PokemonType.swift */,
				D09CA2DE28D8B38B002FC53A /* Extensions */,
				1B98FCCE2ED3C56500BE032D /* Router */,
			);
			path = Utils;
			sourceTree = "<group>";
		};
		D02865732906EEFB003CA780 /* Components */ = {
			isa = PBXGroup;
			children = (
				D039537E29493ECF00969777 /* PokeballGradient.swift */,
				D039538329494FCF00969777 /* PokemonTypeView.swift */,
				D0806EDE294A3EEA000920A1 /* PokemonInfo.swift */,
				D05244C72994067A001A96B8 /* TypeImage.swift */,
			);
			path = Components;
			sourceTree = "<group>";
		};
		D03953802949461400969777 /* Home */ = {
			isa = PBXGroup;
			children = (
				1B98FCD92ED3C89600BE032D /* HomeModule.swift */,
				D08F42732989C1B2008EC1B2 /* View */,
				1B98FCD72ED3C86400BE032D /* ViewModel */,
			);
			path = Home;
			sourceTree = "<group>";
		};
		D0403A4529B15A6100925F04 /* Resources */ = {
			isa = PBXGroup;
			children = (
				D039537C29493DCF00969777 /* Nidoking.json */,
				D0806ED92949F8CC000920A1 /* Bulbasaur.json */,
				D00B95C128CFF97800AFE79E /* Assets.xcassets */,
				D00B95C328CFF97800AFE79E /* LaunchScreen.storyboard */,
			);
			path = Resources;
			sourceTree = "<group>";
		};
		D0403A4629B15C7600925F04 /* Application */ = {
			isa = PBXGroup;
			children = (
				1B98FCB82ED3C35B00BE032D /* PokedexApp.swift */,
			);
			path = Application;
			sourceTree = "<group>";
		};
		D0403A4729B15E2F00925F04 /* Presentation */ = {
			isa = PBXGroup;
			children = (
				D09CA2DD28D8B37B002FC53A /* Screens */,
				D09CA2DC28D8B36C002FC53A /* Commons */,
				D028656229061707003CA780 /* Utils */,
			);
			path = Presentation;
			sourceTree = "<group>";
		};
		D0806EDB294A3444000920A1 /* Detail */ = {
			isa = PBXGroup;
			children = (
				D08C8D9D298AE231004DEA8E /* View */,
				D08C8D9F298AE24E004DEA8E /* Model */,
				D08C8D9E298AE248004DEA8E /* Intent */,
				D0AEA40B294BC4940057DA8F /* Components */,
				D08C8DA6298AE4EA004DEA8E /* DetailTypes.swift */,
			);
			path = Detail;
			sourceTree = "<group>";
		};
		D08C8D9D298AE231004DEA8E /* View */ = {
			isa = PBXGroup;
			children = (
				D0806EDC294A3AAC000920A1 /* DetailView.swift */,
				D08C8DA0298AE398004DEA8E /* DetailViewBuild.swift */,
			);
			path = View;
			sourceTree = "<group>";
		};
		D08C8D9E298AE248004DEA8E /* Intent */ = {
			isa = PBXGroup;
			children = (
				D08C8DA8298AE7AD004DEA8E /* DetailIntentProtocol.swift */,
				D08C8DAA298AEB50004DEA8E /* DetailIntent.swift */,
			);
			path = Intent;
			sourceTree = "<group>";
		};
		D08C8D9F298AE24E004DEA8E /* Model */ = {
			isa = PBXGroup;
			children = (
				D08C8DA2298AE3F1004DEA8E /* DetailModel.swift */,
				D08C8DA4298AE465004DEA8E /* DetailModelProtocol.swift */,
			);
			path = Model;
			sourceTree = "<group>";
		};
		D08C8DAC298C75A9004DEA8E /* View */ = {
			isa = PBXGroup;
			children = (
				D0AEA405294BB2AC0057DA8F /* AboutView.swift */,
				1B98FCC12ED3C44400BE032D /* AboutViewBuild.swift */,
			);
			path = View;
			sourceTree = "<group>";
		};
		D08C8DAF298C7679004DEA8E /* Model */ = {
			isa = PBXGroup;
			children = (
				D08C8DB2298C7694004DEA8E /* AboutModel.swift */,
				D08C8DB0298C7689004DEA8E /* AboutModelProtocol.swift */,
			);
			path = Model;
			sourceTree = "<group>";
		};
		D08C8DB6298C7897004DEA8E /* Intent */ = {
			isa = PBXGroup;
			children = (
				D08C8DB7298C78AA004DEA8E /* AboutIntent.swift */,
				D08C8DB9298C78CA004DEA8E /* AboutIntentProtocol.swift */,
			);
			path = Intent;
			sourceTree = "<group>";
		};
		D08F42732989C1B2008EC1B2 /* View */ = {
			isa = PBXGroup;
			children = (
				1B98FCDD2ED3CDB200BE032D /* Components */,
				1B98FCDA2ED3C89600BE032D /* HomeView.swift */,
			);
			path = View;
			sourceTree = "<group>";
		};
		D08F427A2989CD9D008EC1B2 /* HomeCell */ = {
			isa = PBXGroup;
			children = (
				D08F42832989D02F008EC1B2 /* HomeCellTypes.swift */,
				D08F42852989D2FC008EC1B2 /* Intent */,
				D08F427E2989CF49008EC1B2 /* Model */,
				1B98FCC42ED3C4C300BE032D /* Router */,
				D08F427B2989CE10008EC1B2 /* View */,
			);
			path = HomeCell;
			sourceTree = "<group>";
		};
		D08F427B2989CE10008EC1B2 /* View */ = {
			isa = PBXGroup;
			children = (
				D0259D0B29491A360090C8D9 /* HomeCellView.swift */,
				1B98FCBF2ED3C41100BE032D /* HomeCellViewBuild.swift */,
			);
			path = View;
			sourceTree = "<group>";
		};
		D08F427E2989CF49008EC1B2 /* Model */ = {
			isa = PBXGroup;
			children = (
				D08F427F2989CF59008EC1B2 /* HomeCellModel.swift */,
				D08F42812989CF89008EC1B2 /* HomeCellProtocol.swift */,
			);
			path = Model;
			sourceTree = "<group>";
		};
		D08F42852989D2FC008EC1B2 /* Intent */ = {
			isa = PBXGroup;
			children = (
				D08F42862989D31B008EC1B2 /* HomeCellIntent.swift */,
				D08F42882989D367008EC1B2 /* HomeCellIntentProtocol.swift */,
			);
			path = Intent;
			sourceTree = "<group>";
		};
		D09CA2DC28D8B36C002FC53A /* Commons */ = {
			isa = PBXGroup;
			children = (
				D02865732906EEFB003CA780 /* Components */,
			);
			path = Commons;
			sourceTree = "<group>";
		};
		D09CA2DD28D8B37B002FC53A /* Screens */ = {
			isa = PBXGroup;
			children = (
				D03953802949461400969777 /* Home */,
				D0806EDB294A3444000920A1 /* Detail */,
				D0AEA404294BB2930057DA8F /* AboutView */,
			);
			path = Screens;
			sourceTree = "<group>";
		};
		D09CA2DE28D8B38B002FC53A /* Extensions */ = {
			isa = PBXGroup;
			children = (
				D039988429A9217800E1770B /* TextExtension.swift */,
				D0403A4E29B23C0000925F04 /* PokemonExtension.swift */,
			);
			path = Extensions;
			sourceTree = "<group>";
		};
		D0A44BAC29C0BADB00DF182B /* Frameworks */ = {
			isa = PBXGroup;
			children = (
			);
			name = Frameworks;
			sourceTree = "<group>";
		};
		D0AEA404294BB2930057DA8F /* AboutView */ = {
			isa = PBXGroup;
			children = (
				D08C8DAF298C7679004DEA8E /* Model */,
				D08C8DAC298C75A9004DEA8E /* View */,
				D08C8DB6298C7897004DEA8E /* Intent */,
				D08C8DB4298C7818004DEA8E /* AboutTypes.swift */,
			);
			path = AboutView;
			sourceTree = "<group>";
		};
		D0AEA40B294BC4940057DA8F /* Components */ = {
			isa = PBXGroup;
			children = (
				D0AEA409294BC48F0057DA8F /* AbilityStackView.swift */,
				D0AEA407294BC3A90057DA8F /* DataStackView.swift */,
				D05244C529940108001A96B8 /* WeakStackView.swift */,
				D0D8641229A411F400FB8723 /* GenderStackView.swift */,
			);
			path = Components;
			sourceTree = "<group>";
		};
/* End PBXGroup section */

/* Begin PBXNativeTarget section */
		D00B95B428CFF97500AFE79E /* Pokedex */ = {
			isa = PBXNativeTarget;
			buildConfigurationList = D00B95C928CFF97800AFE79E /* Build configuration list for PBXNativeTarget "Pokedex" */;
			buildPhases = (
				D0BCF71428D0CC7800272DD7 /* Linter */,
				D00B95B128CFF97500AFE79E /* Sources */,
				D00B95B228CFF97500AFE79E /* Frameworks */,
				D00B95B328CFF97500AFE79E /* Resources */,
			);
			buildRules = (
			);
			dependencies = (
			);
			name = Pokedex;
			packageProductDependencies = (
				D0403A3529B143FC00925F04 /* SwiftUtils */,
				D0403A4C29B2354000925F04 /* PokedexDomain */,
				D0A44BAD29C0BADB00DF182B /* PokedexData */,
				1B98FCB12ED3BFC000BE032D /* PokedexDomain */,
				1B98FCB32ED3C2BB00BE032D /* PokedexDomain */,
				1B98FCB62ED3C2DE00BE032D /* SwiftUtils */,
				1B98FCBB2ED3C37800BE032D /* PokedexData */,
			);
			productName = "iOS-template-uikit";
			productReference = D00B95B528CFF97500AFE79E /* Pokedex.app */;
			productType = "com.apple.product-type.application";
		};
/* End PBXNativeTarget section */

/* Begin PBXProject section */
		D00B95AD28CFF97500AFE79E /* Project object */ = {
			isa = PBXProject;
			attributes = {
				BuildIndependentTargetsInParallel = 1;
				LastSwiftUpdateCheck = 1340;
				LastUpgradeCheck = 1340;
				TargetAttributes = {
					D00B95B428CFF97500AFE79E = {
						CreatedOnToolsVersion = 13.4.1;
					};
				};
			};
			buildConfigurationList = D00B95B028CFF97500AFE79E /* Build configuration list for PBXProject "Pokedex" */;
			compatibilityVersion = "Xcode 13.0";
			developmentRegion = en;
			hasScannedForEncodings = 0;
			knownRegions = (
				en,
				Base,
			);
			mainGroup = D00B95AC28CFF97400AFE79E;
			packageReferences = (
				D0BCF71328D0CB6800272DD7 /* XCRemoteSwiftPackageReference "SwiftLint" */,
				D02865662906D23F003CA780 /* XCRemoteSwiftPackageReference "SketchKit" */,
				1B98FCB02ED3BFC000BE032D /* XCLocalSwiftPackageReference "../ios-pokedex-domain-layer" */,
				1B98FCB52ED3C2DE00BE032D /* XCLocalSwiftPackageReference "../swift-utils" */,
				1B98FCBA2ED3C37800BE032D /* XCLocalSwiftPackageReference "../ios-pokedex-data-layer" */,
			);
			productRefGroup = D00B95B628CFF97500AFE79E /* Products */;
			projectDirPath = "";
			projectRoot = "";
			targets = (
				D00B95B428CFF97500AFE79E /* Pokedex */,
			);
		};
/* End PBXProject section */

/* Begin PBXResourcesBuildPhase section */
		D00B95B328CFF97500AFE79E /* Resources */ = {
			isa = PBXResourcesBuildPhase;
			buildActionMask = 2147483647;
			files = (
				D039537D29493DCF00969777 /* Nidoking.json in Resources */,
				D00B95C528CFF97800AFE79E /* LaunchScreen.storyboard in Resources */,
				D00B95C228CFF97800AFE79E /* Assets.xcassets in Resources */,
				D0806EDA2949F8CC000920A1 /* Bulbasaur.json in Resources */,
			);
			runOnlyForDeploymentPostprocessing = 0;
		};
/* End PBXResourcesBuildPhase section */

/* Begin PBXShellScriptBuildPhase section */
		D0BCF71428D0CC7800272DD7 /* Linter */ = {
			isa = PBXShellScriptBuildPhase;
			alwaysOutOfDate = 1;
			buildActionMask = 2147483647;
			files = (
			);
			inputFileListPaths = (
			);
			inputPaths = (
			);
			name = Linter;
			outputFileListPaths = (
			);
			outputPaths = (
			);
			runOnlyForDeploymentPostprocessing = 0;
			shellPath = /bin/sh;
			shellScript = "# Type a script or drag a script file from your workspace to insert its path.\nexport PATH=\"$PATH:/opt/homebrew/bin\"\nif which swiftlint > /dev/null; then\n  swiftlint --fix && swiftlint\nelse\n  echo \"warning: SwiftLint not installed, download from https://github.com/realm/SwiftLint\"\nfi\n";
		};
/* End PBXShellScriptBuildPhase section */

/* Begin PBXSourcesBuildPhase section */
		D00B95B128CFF97500AFE79E /* Sources */ = {
			isa = PBXSourcesBuildPhase;
			buildActionMask = 2147483647;
			files = (
				D08C8DA3298AE3F1004DEA8E /* DetailModel.swift in Sources */,
				D09E4AF5290746C6002481C8 /* Gradients.swift in Sources */,
				D08C8DB3298C7694004DEA8E /* AboutModel.swift in Sources */,
				D0806EDF294A3EEA000920A1 /* PokemonInfo.swift in Sources */,
				1B98FCE12ED3CE6100BE032D /* ErrorView.swift in Sources */,
				D08F42802989CF59008EC1B2 /* HomeCellModel.swift in Sources */,
				D039537F29493ECF00969777 /* PokeballGradient.swift in Sources */,
				D08F42872989D31B008EC1B2 /* HomeCellIntent.swift in Sources */,
				D0D8641329A411F400FB8723 /* GenderStackView.swift in Sources */,
				D08F42822989CF89008EC1B2 /* HomeCellProtocol.swift in Sources */,
				D08C8DA7298AE4EA004DEA8E /* DetailTypes.swift in Sources */,
				1B98FCDB2ED3C89600BE032D /* HomeModule.swift in Sources */,
				1B98FCDC2ED3C89600BE032D /* HomeView.swift in Sources */,
				D08C8DA1298AE398004DEA8E /* DetailViewBuild.swift in Sources */,
				D09E4AFB2907729E002481C8 /* Fonts.swift in Sources */,
				D0AEA408294BC3A90057DA8F /* DataStackView.swift in Sources */,
				D05244C629940108001A96B8 /* WeakStackView.swift in Sources */,
				D0259D0C29491A360090C8D9 /* HomeCellView.swift in Sources */,
				D08C8DAB298AEB50004DEA8E /* DetailIntent.swift in Sources */,
				D08C8DB1298C7689004DEA8E /* AboutModelProtocol.swift in Sources */,
				D0AEA40A294BC48F0057DA8F /* AbilityStackView.swift in Sources */,
				D08C8DA9298AE7AD004DEA8E /* DetailIntentProtocol.swift in Sources */,
				D0403A4F29B23C0000925F04 /* PokemonExtension.swift in Sources */,
				D0806EDD294A3AAC000920A1 /* DetailView.swift in Sources */,
				D08C8DA5298AE465004DEA8E /* DetailModelProtocol.swift in Sources */,
				D039988529A9217800E1770B /* TextExtension.swift in Sources */,
				D028656E2906D9AE003CA780 /* Images.swift in Sources */,
				1B98FCDF2ED3CDC100BE032D /* ListPokemonsView.swift in Sources */,
				D08C8DB8298C78AA004DEA8E /* AboutIntent.swift in Sources */,
				1B98FCC22ED3C44400BE032D /* AboutViewBuild.swift in Sources */,
				1B98FCC02ED3C41100BE032D /* HomeCellViewBuild.swift in Sources */,
				D05244C82994067A001A96B8 /* TypeImage.swift in Sources */,
				D0AEA406294BB2AC0057DA8F /* AboutView.swift in Sources */,
				D02865702906DAEA003CA780 /* Colors.swift in Sources */,
				1B98FCC52ED3C4C300BE032D /* HomeCellRouter.swift in Sources */,
				1B98FCD82ED3C86400BE032D /* HomeViewModel.swift in Sources */,
				D08C8DB5298C7818004DEA8E /* AboutTypes.swift in Sources */,
				D039538429494FCF00969777 /* PokemonTypeView.swift in Sources */,
				D09E4AF929076BC2002481C8 /* PokemonType.swift in Sources */,
				D08F42722989B97D008EC1B2 /* MVIContainer.swift in Sources */,
				1B98FCB92ED3C35B00BE032D /* PokedexApp.swift in Sources */,
				D08C8DBA298C78CA004DEA8E /* AboutIntentProtocol.swift in Sources */,
				D08F42842989D02F008EC1B2 /* HomeCellTypes.swift in Sources */,
				D08F42892989D367008EC1B2 /* HomeCellIntentProtocol.swift in Sources */,
				1B98FCCF2ED3C56500BE032D /* RouterProtocol.swift in Sources */,
				1B98FCD02ED3C56500BE032D /* RouterNavigationStackModifier.swift in Sources */,
				1B98FCD12ED3C56500BE032D /* RouterAlertModifier.swift in Sources */,
				1B98FCD22ED3C56500BE032D /* RouterSheetModifier.swift in Sources */,
				1B98FCD32ED3C56500BE032D /* RouterScreenProtocol.swift in Sources */,
				1B98FCD42ED3C56500BE032D /* RouterNavigationViewModifier.swift in Sources */,
				1B98FCD52ED3C56500BE032D /* RouterCloseModifier.swift in Sources */,
			);
			runOnlyForDeploymentPostprocessing = 0;
		};
/* End PBXSourcesBuildPhase section */

/* Begin PBXVariantGroup section */
		D00B95C328CFF97800AFE79E /* LaunchScreen.storyboard */ = {
			isa = PBXVariantGroup;
			children = (
				D00B95C428CFF97800AFE79E /* Base */,
			);
			name = LaunchScreen.storyboard;
			sourceTree = "<group>";
		};
/* End PBXVariantGroup section */

/* Begin XCBuildConfiguration section */
		D00B95C728CFF97800AFE79E /* Debug */ = {
			isa = XCBuildConfiguration;
			buildSettings = {
				ALWAYS_SEARCH_USER_PATHS = NO;
				CLANG_ANALYZER_NONNULL = YES;
				CLANG_ANALYZER_NUMBER_OBJECT_CONVERSION = YES_AGGRESSIVE;
				CLANG_CXX_LANGUAGE_STANDARD = "gnu++17";
				CLANG_ENABLE_MODULES = YES;
				CLANG_ENABLE_OBJC_ARC = YES;
				CLANG_ENABLE_OBJC_WEAK = YES;
				CLANG_WARN_BLOCK_CAPTURE_AUTORELEASING = YES;
				CLANG_WARN_BOOL_CONVERSION = YES;
				CLANG_WARN_COMMA = YES;
				CLANG_WARN_CONSTANT_CONVERSION = YES;
				CLANG_WARN_DEPRECATED_OBJC_IMPLEMENTATIONS = YES;
				CLANG_WARN_DIRECT_OBJC_ISA_USAGE = YES_ERROR;
				CLANG_WARN_DOCUMENTATION_COMMENTS = YES;
				CLANG_WARN_EMPTY_BODY = YES;
				CLANG_WARN_ENUM_CONVERSION = YES;
				CLANG_WARN_INFINITE_RECURSION = YES;
				CLANG_WARN_INT_CONVERSION = YES;
				CLANG_WARN_NON_LITERAL_NULL_CONVERSION = YES;
				CLANG_WARN_OBJC_IMPLICIT_RETAIN_SELF = YES;
				CLANG_WARN_OBJC_LITERAL_CONVERSION = YES;
				CLANG_WARN_OBJC_ROOT_CLASS = YES_ERROR;
				CLANG_WARN_QUOTED_INCLUDE_IN_FRAMEWORK_HEADER = YES;
				CLANG_WARN_RANGE_LOOP_ANALYSIS = YES;
				CLANG_WARN_STRICT_PROTOTYPES = YES;
				CLANG_WARN_SUSPICIOUS_MOVE = YES;
				CLANG_WARN_UNGUARDED_AVAILABILITY = YES_AGGRESSIVE;
				CLANG_WARN_UNREACHABLE_CODE = YES;
				CLANG_WARN__DUPLICATE_METHOD_MATCH = YES;
				COPY_PHASE_STRIP = NO;
				DEBUG_INFORMATION_FORMAT = dwarf;
				ENABLE_STRICT_OBJC_MSGSEND = YES;
				ENABLE_TESTABILITY = YES;
				GCC_C_LANGUAGE_STANDARD = gnu11;
				GCC_DYNAMIC_NO_PIC = NO;
				GCC_NO_COMMON_BLOCKS = YES;
				GCC_OPTIMIZATION_LEVEL = 0;
				GCC_PREPROCESSOR_DEFINITIONS = (
					"DEBUG=1",
					"$(inherited)",
				);
				GCC_WARN_64_TO_32_BIT_CONVERSION = YES;
				GCC_WARN_ABOUT_RETURN_TYPE = YES_ERROR;
				GCC_WARN_UNDECLARED_SELECTOR = YES;
				GCC_WARN_UNINITIALIZED_AUTOS = YES_AGGRESSIVE;
				GCC_WARN_UNUSED_FUNCTION = YES;
				GCC_WARN_UNUSED_VARIABLE = YES;
				IPHONEOS_DEPLOYMENT_TARGET = 15.5;
				MTL_ENABLE_DEBUG_INFO = INCLUDE_SOURCE;
				MTL_FAST_MATH = YES;
				ONLY_ACTIVE_ARCH = YES;
				SDKROOT = iphoneos;
				SWIFT_ACTIVE_COMPILATION_CONDITIONS = DEBUG;
				SWIFT_OPTIMIZATION_LEVEL = "-Onone";
			};
			name = Debug;
		};
		D00B95C828CFF97800AFE79E /* Release */ = {
			isa = XCBuildConfiguration;
			buildSettings = {
				ALWAYS_SEARCH_USER_PATHS = NO;
				CLANG_ANALYZER_NONNULL = YES;
				CLANG_ANALYZER_NUMBER_OBJECT_CONVERSION = YES_AGGRESSIVE;
				CLANG_CXX_LANGUAGE_STANDARD = "gnu++17";
				CLANG_ENABLE_MODULES = YES;
				CLANG_ENABLE_OBJC_ARC = YES;
				CLANG_ENABLE_OBJC_WEAK = YES;
				CLANG_WARN_BLOCK_CAPTURE_AUTORELEASING = YES;
				CLANG_WARN_BOOL_CONVERSION = YES;
				CLANG_WARN_COMMA = YES;
				CLANG_WARN_CONSTANT_CONVERSION = YES;
				CLANG_WARN_DEPRECATED_OBJC_IMPLEMENTATIONS = YES;
				CLANG_WARN_DIRECT_OBJC_ISA_USAGE = YES_ERROR;
				CLANG_WARN_DOCUMENTATION_COMMENTS = YES;
				CLANG_WARN_EMPTY_BODY = YES;
				CLANG_WARN_ENUM_CONVERSION = YES;
				CLANG_WARN_INFINITE_RECURSION = YES;
				CLANG_WARN_INT_CONVERSION = YES;
				CLANG_WARN_NON_LITERAL_NULL_CONVERSION = YES;
				CLANG_WARN_OBJC_IMPLICIT_RETAIN_SELF = YES;
				CLANG_WARN_OBJC_LITERAL_CONVERSION = YES;
				CLANG_WARN_OBJC_ROOT_CLASS = YES_ERROR;
				CLANG_WARN_QUOTED_INCLUDE_IN_FRAMEWORK_HEADER = YES;
				CLANG_WARN_RANGE_LOOP_ANALYSIS = YES;
				CLANG_WARN_STRICT_PROTOTYPES = YES;
				CLANG_WARN_SUSPICIOUS_MOVE = YES;
				CLANG_WARN_UNGUARDED_AVAILABILITY = YES_AGGRESSIVE;
				CLANG_WARN_UNREACHABLE_CODE = YES;
				CLANG_WARN__DUPLICATE_METHOD_MATCH = YES;
				COPY_PHASE_STRIP = NO;
				DEBUG_INFORMATION_FORMAT = "dwarf-with-dsym";
				ENABLE_NS_ASSERTIONS = NO;
				ENABLE_STRICT_OBJC_MSGSEND = YES;
				GCC_C_LANGUAGE_STANDARD = gnu11;
				GCC_NO_COMMON_BLOCKS = YES;
				GCC_WARN_64_TO_32_BIT_CONVERSION = YES;
				GCC_WARN_ABOUT_RETURN_TYPE = YES_ERROR;
				GCC_WARN_UNDECLARED_SELECTOR = YES;
				GCC_WARN_UNINITIALIZED_AUTOS = YES_AGGRESSIVE;
				GCC_WARN_UNUSED_FUNCTION = YES;
				GCC_WARN_UNUSED_VARIABLE = YES;
				IPHONEOS_DEPLOYMENT_TARGET = 15.5;
				MTL_ENABLE_DEBUG_INFO = NO;
				MTL_FAST_MATH = YES;
				SDKROOT = iphoneos;
				SWIFT_COMPILATION_MODE = wholemodule;
				SWIFT_OPTIMIZATION_LEVEL = "-O";
				VALIDATE_PRODUCT = YES;
			};
			name = Release;
		};
		D00B95CA28CFF97800AFE79E /* Debug */ = {
			isa = XCBuildConfiguration;
			buildSettings = {
				ASSETCATALOG_COMPILER_APPICON_NAME = AppIcon;
				ASSETCATALOG_COMPILER_GLOBAL_ACCENT_COLOR_NAME = AccentColor;
				CODE_SIGN_STYLE = Automatic;
				CURRENT_PROJECT_VERSION = 1;
				DEVELOPMENT_TEAM = L3YB74AQPU;
				GENERATE_INFOPLIST_FILE = YES;
				INFOPLIST_FILE = Pokedex/Info.plist;
				INFOPLIST_KEY_UIApplicationSupportsIndirectInputEvents = YES;
				INFOPLIST_KEY_UILaunchStoryboardName = LaunchScreen;
				INFOPLIST_KEY_UISupportedInterfaceOrientations = UIInterfaceOrientationPortrait;
				INFOPLIST_KEY_UISupportedInterfaceOrientations_iPad = "UIInterfaceOrientationLandscapeLeft UIInterfaceOrientationLandscapeRight UIInterfaceOrientationPortrait UIInterfaceOrientationPortraitUpsideDown";
				IPHONEOS_DEPLOYMENT_TARGET = 26.0;
				LD_RUNPATH_SEARCH_PATHS = (
					"$(inherited)",
					"@executable_path/Frameworks",
				);
				MARKETING_VERSION = 1.0;
				PRODUCT_BUNDLE_IDENTIFIER = com.nicomano.pokedex;
				PRODUCT_NAME = "$(TARGET_NAME)";
				SUPPORTED_PLATFORMS = "iphoneos iphonesimulator";
				SUPPORTS_MACCATALYST = NO;
				SUPPORTS_MAC_DESIGNED_FOR_IPHONE_IPAD = NO;
				SWIFT_EMIT_LOC_STRINGS = YES;
				SWIFT_VERSION = 5.0;
				TARGETED_DEVICE_FAMILY = 1;
			};
			name = Debug;
		};
		D00B95CB28CFF97800AFE79E /* Release */ = {
			isa = XCBuildConfiguration;
			buildSettings = {
				ASSETCATALOG_COMPILER_APPICON_NAME = AppIcon;
				ASSETCATALOG_COMPILER_GLOBAL_ACCENT_COLOR_NAME = AccentColor;
				CODE_SIGN_STYLE = Automatic;
				CURRENT_PROJECT_VERSION = 1;
				DEVELOPMENT_TEAM = L3YB74AQPU;
				GENERATE_INFOPLIST_FILE = YES;
				INFOPLIST_FILE = Pokedex/Info.plist;
				INFOPLIST_KEY_UIApplicationSupportsIndirectInputEvents = YES;
				INFOPLIST_KEY_UILaunchStoryboardName = LaunchScreen;
				INFOPLIST_KEY_UISupportedInterfaceOrientations = UIInterfaceOrientationPortrait;
				INFOPLIST_KEY_UISupportedInterfaceOrientations_iPad = "UIInterfaceOrientationLandscapeLeft UIInterfaceOrientationLandscapeRight UIInterfaceOrientationPortrait UIInterfaceOrientationPortraitUpsideDown";
				IPHONEOS_DEPLOYMENT_TARGET = 26.0;
				LD_RUNPATH_SEARCH_PATHS = (
					"$(inherited)",
					"@executable_path/Frameworks",
				);
				MARKETING_VERSION = 1.0;
				PRODUCT_BUNDLE_IDENTIFIER = com.nicomano.pokedex;
				PRODUCT_NAME = "$(TARGET_NAME)";
				SUPPORTED_PLATFORMS = "iphoneos iphonesimulator";
				SUPPORTS_MACCATALYST = NO;
				SUPPORTS_MAC_DESIGNED_FOR_IPHONE_IPAD = NO;
				SWIFT_EMIT_LOC_STRINGS = YES;
				SWIFT_VERSION = 5.0;
				TARGETED_DEVICE_FAMILY = 1;
			};
			name = Release;
		};
/* End XCBuildConfiguration section */

/* Begin XCConfigurationList section */
		D00B95B028CFF97500AFE79E /* Build configuration list for PBXProject "Pokedex" */ = {
			isa = XCConfigurationList;
			buildConfigurations = (
				D00B95C728CFF97800AFE79E /* Debug */,
				D00B95C828CFF97800AFE79E /* Release */,
			);
			defaultConfigurationIsVisible = 0;
			defaultConfigurationName = Debug;
		};
		D00B95C928CFF97800AFE79E /* Build configuration list for PBXNativeTarget "Pokedex" */ = {
			isa = XCConfigurationList;
			buildConfigurations = (
				D00B95CA28CFF97800AFE79E /* Debug */,
				D00B95CB28CFF97800AFE79E /* Release */,
			);
			defaultConfigurationIsVisible = 0;
			defaultConfigurationName = Debug;
		};
/* End XCConfigurationList section */

/* Begin XCLocalSwiftPackageReference section */
		1B98FCB02ED3BFC000BE032D /* XCLocalSwiftPackageReference "../ios-pokedex-domain-layer" */ = {
			isa = XCLocalSwiftPackageReference;
			relativePath = "../ios-pokedex-domain-layer";
		};
		1B98FCB52ED3C2DE00BE032D /* XCLocalSwiftPackageReference "../swift-utils" */ = {
			isa = XCLocalSwiftPackageReference;
			relativePath = "../swift-utils";
		};
		1B98FCBA2ED3C37800BE032D /* XCLocalSwiftPackageReference "../ios-pokedex-data-layer" */ = {
			isa = XCLocalSwiftPackageReference;
			relativePath = "../ios-pokedex-data-layer";
		};
/* End XCLocalSwiftPackageReference section */

/* Begin XCRemoteSwiftPackageReference section */
		D02865662906D23F003CA780 /* XCRemoteSwiftPackageReference "SketchKit" */ = {
			isa = XCRemoteSwiftPackageReference;
			repositoryURL = "https://github.com/dogo/SketchKit";
			requirement = {
				kind = upToNextMajorVersion;
				minimumVersion = 1.0.0;
			};
		};
		D0BCF71328D0CB6800272DD7 /* XCRemoteSwiftPackageReference "SwiftLint" */ = {
			isa = XCRemoteSwiftPackageReference;
			repositoryURL = "https://github.com/realm/SwiftLint.git";
			requirement = {
				branch = main;
				kind = branch;
			};
		};
/* End XCRemoteSwiftPackageReference section */

/* Begin XCSwiftPackageProductDependency section */
		1B98FCB12ED3BFC000BE032D /* PokedexDomain */ = {
			isa = XCSwiftPackageProductDependency;
			productName = PokedexDomain;
		};
		1B98FCB32ED3C2BB00BE032D /* PokedexDomain */ = {
			isa = XCSwiftPackageProductDependency;
			productName = PokedexDomain;
		};
		1B98FCB62ED3C2DE00BE032D /* SwiftUtils */ = {
			isa = XCSwiftPackageProductDependency;
			productName = SwiftUtils;
		};
		1B98FCBB2ED3C37800BE032D /* PokedexData */ = {
			isa = XCSwiftPackageProductDependency;
			productName = PokedexData;
		};
		D0403A3529B143FC00925F04 /* SwiftUtils */ = {
			isa = XCSwiftPackageProductDependency;
			productName = SwiftUtils;
		};
		D0403A4C29B2354000925F04 /* PokedexDomain */ = {
			isa = XCSwiftPackageProductDependency;
			productName = PokedexDomain;
		};
		D0A44BAD29C0BADB00DF182B /* PokedexData */ = {
			isa = XCSwiftPackageProductDependency;
			productName = PokedexData;
		};
/* End XCSwiftPackageProductDependency section */
	};
	rootObject = D00B95AD28CFF97500AFE79E /* Project object */;
}
